// !$*UTF8*$!
{
	archiveVersion = 1;
	classes = {
	};
	objectVersion = 50;
	objects = {

/* Begin PBXBuildFile section */
		F168E97C246C3101009DF109 /* AppDelegate.swift in Sources */ = {isa = PBXBuildFile; fileRef = F168E97B246C3101009DF109 /* AppDelegate.swift */; };
		F168E97E246C3101009DF109 /* SceneDelegate.swift in Sources */ = {isa = PBXBuildFile; fileRef = F168E97D246C3101009DF109 /* SceneDelegate.swift */; };
		F168E980246C3101009DF109 /* ViewController.swift in Sources */ = {isa = PBXBuildFile; fileRef = F168E97F246C3101009DF109 /* ViewController.swift */; };
		F168E983246C3101009DF109 /* Main.storyboard in Resources */ = {isa = PBXBuildFile; fileRef = F168E981246C3101009DF109 /* Main.storyboard */; };
		F168E985246C3104009DF109 /* Assets.xcassets in Resources */ = {isa = PBXBuildFile; fileRef = F168E984246C3104009DF109 /* Assets.xcassets */; };
		F168E988246C3104009DF109 /* LaunchScreen.storyboard in Resources */ = {isa = PBXBuildFile; fileRef = F168E986246C3104009DF109 /* LaunchScreen.storyboard */; };
		F168E990246C3663009DF109 /* DetailViewController.swift in Sources */ = {isa = PBXBuildFile; fileRef = F168E98F246C3663009DF109 /* DetailViewController.swift */; };
		F168E992246C3EE7009DF109 /* Person.swift in Sources */ = {isa = PBXBuildFile; fileRef = F168E991246C3EE7009DF109 /* Person.swift */; };
/* End PBXBuildFile section */

/* Begin PBXFileReference section */
		F168E978246C3101009DF109 /* ConsolidationsV.app */ = {isa = PBXFileReference; explicitFileType = wrapper.application; includeInIndex = 0; path = ConsolidationsV.app; sourceTree = BUILT_PRODUCTS_DIR; };
		F168E97B246C3101009DF109 /* AppDelegate.swift */ = {isa = PBXFileReference; lastKnownFileType = sourcecode.swift; path = AppDelegate.swift; sourceTree = "<group>"; };
		F168E97D246C3101009DF109 /* SceneDelegate.swift */ = {isa = PBXFileReference; lastKnownFileType = sourcecode.swift; path = SceneDelegate.swift; sourceTree = "<group>"; };
		F168E97F246C3101009DF109 /* ViewController.swift */ = {isa = PBXFileReference; lastKnownFileType = sourcecode.swift; path = ViewController.swift; sourceTree = "<group>"; };
		F168E982246C3101009DF109 /* Base */ = {isa = PBXFileReference; lastKnownFileType = file.storyboard; name = Base; path = Base.lproj/Main.storyboard; sourceTree = "<group>"; };
		F168E984246C3104009DF109 /* Assets.xcassets */ = {isa = PBXFileReference; lastKnownFileType = folder.assetcatalog; path = Assets.xcassets; sourceTree = "<group>"; };
		F168E987246C3104009DF109 /* Base */ = {isa = PBXFileReference; lastKnownFileType = file.storyboard; name = Base; path = Base.lproj/LaunchScreen.storyboard; sourceTree = "<group>"; };
		F168E989246C3104009DF109 /* Info.plist */ = {isa = PBXFileReference; lastKnownFileType = text.plist.xml; path = Info.plist; sourceTree = "<group>"; };
		F168E98F246C3663009DF109 /* DetailViewController.swift */ = {isa = PBXFileReference; lastKnownFileType = sourcecode.swift; path = DetailViewController.swift; sourceTree = "<group>"; };
		F168E991246C3EE7009DF109 /* Person.swift */ = {isa = PBXFileReference; lastKnownFileType = sourcecode.swift; path = Person.swift; sourceTree = "<group>"; };
/* End PBXFileReference section */

/* Begin PBXFrameworksBuildPhase section */
		F168E975246C3101009DF109 /* Frameworks */ = {
			isa = PBXFrameworksBuildPhase;
			buildActionMask = 2147483647;
			files = (
			);
			runOnlyForDeploymentPostprocessing = 0;
		};
/* End PBXFrameworksBuildPhase section */

/* Begin PBXGroup section */
		F168E96F246C3101009DF109 = {
			isa = PBXGroup;
			children = (
				F168E97A246C3101009DF109 /* ConsolidationsV */,
				F168E979246C3101009DF109 /* Products */,
			);
			sourceTree = "<group>";
		};
		F168E979246C3101009DF109 /* Products */ = {
			isa = PBXGroup;
			children = (
				F168E978246C3101009DF109 /* ConsolidationsV.app */,
			);
			name = Products;
			sourceTree = "<group>";
		};
		F168E97A246C3101009DF109 /* ConsolidationsV */ = {
			isa = PBXGroup;
			children = (
				F168E97B246C3101009DF109 /* AppDelegate.swift */,
				F168E97D246C3101009DF109 /* SceneDelegate.swift */,
				F168E97F246C3101009DF109 /* ViewController.swift */,
				F168E991246C3EE7009DF109 /* Person.swift */,
				F168E98F246C3663009DF109 /* DetailViewController.swift */,
				F168E981246C3101009DF109 /* Main.storyboard */,
				F168E984246C3104009DF109 /* Assets.xcassets */,
				F168E986246C3104009DF109 /* LaunchScreen.storyboard */,
				F168E989246C3104009DF109 /* Info.plist */,
			);
			path = ConsolidationsV;
			sourceTree = "<group>";
		};
/* End PBXGroup section */

/* Begin PBXNativeTarget section */
		F168E977246C3101009DF109 /* ConsolidationsV */ = {
			isa = PBXNativeTarget;
			buildConfigurationList = F168E98C246C3104009DF109 /* Build configuration list for PBXNativeTarget "ConsolidationsV" */;
			buildPhases = (
				F168E974246C3101009DF109 /* Sources */,
				F168E975246C3101009DF109 /* Frameworks */,
				F168E976246C3101009DF109 /* Resources */,
			);
			buildRules = (
			);
			dependencies = (
			);
			name = ConsolidationsV;
			productName = ConsolidationsV;
			productReference = F168E978246C3101009DF109 /* ConsolidationsV.app */;
			productType = "com.apple.product-type.application";
		};
/* End PBXNativeTarget section */

/* Begin PBXProject section */
		F168E970246C3101009DF109 /* Project object */ = {
			isa = PBXProject;
			attributes = {
				LastSwiftUpdateCheck = 1140;
				LastUpgradeCheck = 1140;
				ORGANIZATIONNAME = "Yurii Sameliuk";
				TargetAttributes = {
					F168E977246C3101009DF109 = {
						CreatedOnToolsVersion = 11.4.1;
					};
				};
			};
			buildConfigurationList = F168E973246C3101009DF109 /* Build configuration list for PBXProject "ConsolidationsV" */;
			compatibilityVersion = "Xcode 9.3";
			developmentRegion = en;
			hasScannedForEncodings = 0;
			knownRegions = (
				en,
				Base,
			);
			mainGroup = F168E96F246C3101009DF109;
			productRefGroup = F168E979246C3101009DF109 /* Products */;
			projectDirPath = "";
			projectRoot = "";
			targets = (
				F168E977246C3101009DF109 /* ConsolidationsV */,
			);
		};
/* End PBXProject section */

/* Begin PBXResourcesBuildPhase section */
		F168E976246C3101009DF109 /* Resources */ = {
			isa = PBXResourcesBuildPhase;
			buildActionMask = 2147483647;
			files = (
				F168E988246C3104009DF109 /* LaunchScreen.storyboard in Resources */,
				F168E985246C3104009DF109 /* Assets.xcassets in Resources */,
				F168E983246C3101009DF109 /* Main.storyboard in Resources */,
			);
			runOnlyForDeploymentPostprocessing = 0;
		};
/* End PBXResourcesBuildPhase section */

/* Begin PBXSourcesBuildPhase section */
		F168E974246C3101009DF109 /* Sources */ = {
			isa = PBXSourcesBuildPhase;
			buildActionMask = 2147483647;
			files = (
				F168E992246C3EE7009DF109 /* Person.swift in Sources */,
				F168E980246C3101009DF109 /* ViewController.swift in Sources */,
				F168E97C246C3101009DF109 /* AppDelegate.swift in Sources */,
				F168E97E246C3101009DF109 /* SceneDelegate.swift in Sources */,
				F168E990246C3663009DF109 /* DetailViewController.swift in Sources */,
			);
			runOnlyForDeploymentPostprocessing = 0;
		};
/* End PBXSourcesBuildPhase section */

/* Begin PBXVariantGroup section */
		F168E981246C3101009DF109 /* Main.storyboard */ = {
			isa = PBXVariantGroup;
			children = (
				F168E982246C3101009DF109 /* Base */,
			);
			name = Main.storyboard;
			sourceTree = "<group>";
		};
		F168E986246C3104009DF109 /* LaunchScreen.storyboard */ = {
			isa = PBXVariantGroup;
			children = (
				F168E987246C3104009DF109 /* Base */,
			);
			name = LaunchScreen.storyboard;
			sourceTree = "<group>";
		};
/* End PBXVariantGroup section */

/* Begin XCBuildConfiguration section */
		F168E98A246C3104009DF109 /* Debug */ = {
			isa = XCBuildConfiguration;
			buildSettings = {
				ALWAYS_SEARCH_USER_PATHS = NO;
				CLANG_ANALYZER_NONNULL = YES;
				CLANG_ANALYZER_NUMBER_OBJECT_CONVERSION = YES_AGGRESSIVE;
				CLANG_CXX_LANGUAGE_STANDARD = "gnu++14";
				CLANG_CXX_LIBRARY = "libc++";
				CLANG_ENABLE_MODULES = YES;
				CLANG_ENABLE_OBJC_ARC = YES;
				CLANG_ENABLE_OBJC_WEAK = YES;
				CLANG_WARN_BLOCK_CAPTURE_AUTORELEASING = YES;
				CLANG_WARN_BOOL_CONVERSION = YES;
				CLANG_WARN_COMMA = YES;
				CLANG_WARN_CONSTANT_CONVERSION = YES;
				CLANG_WARN_DEPRECATED_OBJC_IMPLEMENTATIONS = YES;
				CLANG_WARN_DIRECT_OBJC_ISA_USAGE = YES_ERROR;
				CLANG_WARN_DOCUMENTATION_COMMENTS = YES;
				CLANG_WARN_EMPTY_BODY = YES;
				CLANG_WARN_ENUM_CONVERSION = YES;
				CLANG_WARN_INFINITE_RECURSION = YES;
				CLANG_WARN_INT_CONVERSION = YES;
				CLANG_WARN_NON_LITERAL_NULL_CONVERSION = YES;
				CLANG_WARN_OBJC_IMPLICIT_RETAIN_SELF = YES;
				CLANG_WARN_OBJC_LITERAL_CONVERSION = YES;
				CLANG_WARN_OBJC_ROOT_CLASS = YES_ERROR;
				CLANG_WARN_RANGE_LOOP_ANALYSIS = YES;
				CLANG_WARN_STRICT_PROTOTYPES = YES;
				CLANG_WARN_SUSPICIOUS_MOVE = YES;
				CLANG_WARN_UNGUARDED_AVAILABILITY = YES_AGGRESSIVE;
				CLANG_WARN_UNREACHABLE_CODE = YES;
				CLANG_WARN__DUPLICATE_METHOD_MATCH = YES;
				COPY_PHASE_STRIP = NO;
				DEBUG_INFORMATION_FORMAT = dwarf;
				ENABLE_STRICT_OBJC_MSGSEND = YES;
				ENABLE_TESTABILITY = YES;
				GCC_C_LANGUAGE_STANDARD = gnu11;
				GCC_DYNAMIC_NO_PIC = NO;
				GCC_NO_COMMON_BLOCKS = YES;
				GCC_OPTIMIZATION_LEVEL = 0;
				GCC_PREPROCESSOR_DEFINITIONS = (
					"DEBUG=1",
					"$(inherited)",
				);
				GCC_WARN_64_TO_32_BIT_CONVERSION = YES;
				GCC_WARN_ABOUT_RETURN_TYPE = YES_ERROR;
				GCC_WARN_UNDECLARED_SELECTOR = YES;
				GCC_WARN_UNINITIALIZED_AUTOS = YES_AGGRESSIVE;
				GCC_WARN_UNUSED_FUNCTION = YES;
				GCC_WARN_UNUSED_VARIABLE = YES;
				IPHONEOS_DEPLOYMENT_TARGET = 13.4;
				MTL_ENABLE_DEBUG_INFO = INCLUDE_SOURCE;
				MTL_FAST_MATH = YES;
				ONLY_ACTIVE_ARCH = YES;
				SDKROOT = iphoneos;
				SWIFT_ACTIVE_COMPILATION_CONDITIONS = DEBUG;
				SWIFT_OPTIMIZATION_LEVEL = "-Onone";
			};
			name = Debug;
		};
		F168E98B246C3104009DF109 /* Release */ = {
			isa = XCBuildConfiguration;
			buildSettings = {
				ALWAYS_SEARCH_USER_PATHS = NO;
				CLANG_ANALYZER_NONNULL = YES;
				CLANG_ANALYZER_NUMBER_OBJECT_CONVERSION = YES_AGGRESSIVE;
				CLANG_CXX_LANGUAGE_STANDARD = "gnu++14";
				CLANG_CXX_LIBRARY = "libc++";
				CLANG_ENABLE_MODULES = YES;
				CLANG_ENABLE_OBJC_ARC = YES;
				CLANG_ENABLE_OBJC_WEAK = YES;
				CLANG_WARN_BLOCK_CAPTURE_AUTORELEASING = YES;
				CLANG_WARN_BOOL_CONVERSION = YES;
				CLANG_WARN_COMMA = YES;
				CLANG_WARN_CONSTANT_CONVERSION = YES;
				CLANG_WARN_DEPRECATED_OBJC_IMPLEMENTATIONS = YES;
				CLANG_WARN_DIRECT_OBJC_ISA_USAGE = YES_ERROR;
				CLANG_WARN_DOCUMENTATION_COMMENTS = YES;
				CLANG_WARN_EMPTY_BODY = YES;
				CLANG_WARN_ENUM_CONVERSION = YES;
				CLANG_WARN_INFINITE_RECURSION = YES;
				CLANG_WARN_INT_CONVERSION = YES;
				CLANG_WARN_NON_LITERAL_NULL_CONVERSION = YES;
				CLANG_WARN_OBJC_IMPLICIT_RETAIN_SELF = YES;
				CLANG_WARN_OBJC_LITERAL_CONVERSION = YES;
				CLANG_WARN_OBJC_ROOT_CLASS = YES_ERROR;
				CLANG_WARN_RANGE_LOOP_ANALYSIS = YES;
				CLANG_WARN_STRICT_PROTOTYPES = YES;
				CLANG_WARN_SUSPICIOUS_MOVE = YES;
				CLANG_WARN_UNGUARDED_AVAILABILITY = YES_AGGRESSIVE;
				CLANG_WARN_UNREACHABLE_CODE = YES;
				CLANG_WARN__DUPLICATE_METHOD_MATCH = YES;
				COPY_PHASE_STRIP = NO;
				DEBUG_INFORMATION_FORMAT = "dwarf-with-dsym";
				ENABLE_NS_ASSERTIONS = NO;
				ENABLE_STRICT_OBJC_MSGSEND = YES;
				GCC_C_LANGUAGE_STANDARD = gnu11;
				GCC_NO_COMMON_BLOCKS = YES;
				GCC_WARN_64_TO_32_BIT_CONVERSION = YES;
				GCC_WARN_ABOUT_RETURN_TYPE = YES_ERROR;
				GCC_WARN_UNDECLARED_SELECTOR = YES;
				GCC_WARN_UNINITIALIZED_AUTOS = YES_AGGRESSIVE;
				GCC_WARN_UNUSED_FUNCTION = YES;
				GCC_WARN_UNUSED_VARIABLE = YES;
				IPHONEOS_DEPLOYMENT_TARGET = 13.4;
				MTL_ENABLE_DEBUG_INFO = NO;
				MTL_FAST_MATH = YES;
				SDKROOT = iphoneos;
				SWIFT_COMPILATION_MODE = wholemodule;
				SWIFT_OPTIMIZATION_LEVEL = "-O";
				VALIDATE_PRODUCT = YES;
			};
			name = Release;
		};
		F168E98D246C3104009DF109 /* Debug */ = {
			isa = XCBuildConfiguration;
			buildSettings = {
				ASSETCATALOG_COMPILER_APPICON_NAME = AppIcon;
				CODE_SIGN_STYLE = Automatic;
				INFOPLIST_FILE = ConsolidationsV/Info.plist;
				LD_RUNPATH_SEARCH_PATHS = (
					"$(inherited)",
					"@executable_path/Frameworks",
				);
				PRODUCT_BUNDLE_IDENTIFIER = com.sameliuk.ConsolidationsV;
				PRODUCT_NAME = "$(TARGET_NAME)";
				SWIFT_VERSION = 5.0;
				TARGETED_DEVICE_FAMILY = "1,2";
			};
			name = Debug;
		};
		F168E98E246C3104009DF109 /* Release */ = {
			isa = XCBuildConfiguration;
			buildSettings = {
				ASSETCATALOG_COMPILER_APPICON_NAME = AppIcon;
				CODE_SIGN_STYLE = Automatic;
				INFOPLIST_FILE = ConsolidationsV/Info.plist;
				LD_RUNPATH_SEARCH_PATHS = (
					"$(inherited)",
					"@executable_path/Frameworks",
				);
				PRODUCT_BUNDLE_IDENTIFIER = com.sameliuk.ConsolidationsV;
				PRODUCT_NAME = "$(TARGET_NAME)";
				SWIFT_VERSION = 5.0;
				TARGETED_DEVICE_FAMILY = "1,2";
			};
			name = Release;
		};
/* End XCBuildConfiguration section */

/* Begin XCConfigurationList section */
		F168E973246C3101009DF109 /* Build configuration list for PBXProject "ConsolidationsV" */ = {
			isa = XCConfigurationList;
			buildConfigurations = (
				F168E98A246C3104009DF109 /* Debug */,
				F168E98B246C3104009DF109 /* Release */,
			);
			defaultConfigurationIsVisible = 0;
			defaultConfigurationName = Release;
		};
		F168E98C246C3104009DF109 /* Build configuration list for PBXNativeTarget "ConsolidationsV" */ = {
			isa = XCConfigurationList;
			buildConfigurations = (
				F168E98D246C3104009DF109 /* Debug */,
				F168E98E246C3104009DF109 /* Release */,
			);
			defaultConfigurationIsVisible = 0;
			defaultConfigurationName = Release;
		};
/* End XCConfigurationList section */
	};
	rootObject = F168E970246C3101009DF109 /* Project object */;
}
