// !$*UTF8*$!
{
	archiveVersion = 1;
	classes = {
	};
	objectVersion = 50;
	objects = {

/* Begin PBXBuildFile section */
		F1255F1F247E8C5D00B1FFCD /* AppDelegate.swift in Sources */ = {isa = PBXBuildFile; fileRef = F1255F1E247E8C5D00B1FFCD /* AppDelegate.swift */; };
		F1255F21247E8C5D00B1FFCD /* SceneDelegate.swift in Sources */ = {isa = PBXBuildFile; fileRef = F1255F20247E8C5D00B1FFCD /* SceneDelegate.swift */; };
		F1255F23247E8C5D00B1FFCD /* ViewController.swift in Sources */ = {isa = PBXBuildFile; fileRef = F1255F22247E8C5D00B1FFCD /* ViewController.swift */; };
		F1255F26247E8C5D00B1FFCD /* Main.storyboard in Resources */ = {isa = PBXBuildFile; fileRef = F1255F24247E8C5D00B1FFCD /* Main.storyboard */; };
		F1255F28247E8C6200B1FFCD /* Assets.xcassets in Resources */ = {isa = PBXBuildFile; fileRef = F1255F27247E8C6200B1FFCD /* Assets.xcassets */; };
		F1255F2B247E8C6200B1FFCD /* LaunchScreen.storyboard in Resources */ = {isa = PBXBuildFile; fileRef = F1255F29247E8C6200B1FFCD /* LaunchScreen.storyboard */; };
/* End PBXBuildFile section */

/* Begin PBXFileReference section */
		F1255F1B247E8C5D00B1FFCD /* Project18Debaging.app */ = {isa = PBXFileReference; explicitFileType = wrapper.application; includeInIndex = 0; path = Project18Debaging.app; sourceTree = BUILT_PRODUCTS_DIR; };
		F1255F1E247E8C5D00B1FFCD /* AppDelegate.swift */ = {isa = PBXFileReference; lastKnownFileType = sourcecode.swift; path = AppDelegate.swift; sourceTree = "<group>"; };
		F1255F20247E8C5D00B1FFCD /* SceneDelegate.swift */ = {isa = PBXFileReference; lastKnownFileType = sourcecode.swift; path = SceneDelegate.swift; sourceTree = "<group>"; };
		F1255F22247E8C5D00B1FFCD /* ViewController.swift */ = {isa = PBXFileReference; lastKnownFileType = sourcecode.swift; path = ViewController.swift; sourceTree = "<group>"; };
		F1255F25247E8C5D00B1FFCD /* Base */ = {isa = PBXFileReference; lastKnownFileType = file.storyboard; name = Base; path = Base.lproj/Main.storyboard; sourceTree = "<group>"; };
		F1255F27247E8C6200B1FFCD /* Assets.xcassets */ = {isa = PBXFileReference; lastKnownFileType = folder.assetcatalog; path = Assets.xcassets; sourceTree = "<group>"; };
		F1255F2A247E8C6200B1FFCD /* Base */ = {isa = PBXFileReference; lastKnownFileType = file.storyboard; name = Base; path = Base.lproj/LaunchScreen.storyboard; sourceTree = "<group>"; };
		F1255F2C247E8C6200B1FFCD /* Info.plist */ = {isa = PBXFileReference; lastKnownFileType = text.plist.xml; path = Info.plist; sourceTree = "<group>"; };
/* End PBXFileReference section */

/* Begin PBXFrameworksBuildPhase section */
		F1255F18247E8C5D00B1FFCD /* Frameworks */ = {
			isa = PBXFrameworksBuildPhase;
			buildActionMask = 2147483647;
			files = (
			);
			runOnlyForDeploymentPostprocessing = 0;
		};
/* End PBXFrameworksBuildPhase section */

/* Begin PBXGroup section */
		F1255F12247E8C5D00B1FFCD = {
			isa = PBXGroup;
			children = (
				F1255F1D247E8C5D00B1FFCD /* Project18Debaging */,
				F1255F1C247E8C5D00B1FFCD /* Products */,
			);
			sourceTree = "<group>";
		};
		F1255F1C247E8C5D00B1FFCD /* Products */ = {
			isa = PBXGroup;
			children = (
				F1255F1B247E8C5D00B1FFCD /* Project18Debaging.app */,
			);
			name = Products;
			sourceTree = "<group>";
		};
		F1255F1D247E8C5D00B1FFCD /* Project18Debaging */ = {
			isa = PBXGroup;
			children = (
				F1255F1E247E8C5D00B1FFCD /* AppDelegate.swift */,
				F1255F20247E8C5D00B1FFCD /* SceneDelegate.swift */,
				F1255F22247E8C5D00B1FFCD /* ViewController.swift */,
				F1255F24247E8C5D00B1FFCD /* Main.storyboard */,
				F1255F27247E8C6200B1FFCD /* Assets.xcassets */,
				F1255F29247E8C6200B1FFCD /* LaunchScreen.storyboard */,
				F1255F2C247E8C6200B1FFCD /* Info.plist */,
			);
			path = Project18Debaging;
			sourceTree = "<group>";
		};
/* End PBXGroup section */

/* Begin PBXNativeTarget section */
		F1255F1A247E8C5D00B1FFCD /* Project18Debaging */ = {
			isa = PBXNativeTarget;
			buildConfigurationList = F1255F2F247E8C6200B1FFCD /* Build configuration list for PBXNativeTarget "Project18Debaging" */;
			buildPhases = (
				F1255F17247E8C5D00B1FFCD /* Sources */,
				F1255F18247E8C5D00B1FFCD /* Frameworks */,
				F1255F19247E8C5D00B1FFCD /* Resources */,
			);
			buildRules = (
			);
			dependencies = (
			);
			name = Project18Debaging;
			productName = Project18Debaging;
			productReference = F1255F1B247E8C5D00B1FFCD /* Project18Debaging.app */;
			productType = "com.apple.product-type.application";
		};
/* End PBXNativeTarget section */

/* Begin PBXProject section */
		F1255F13247E8C5D00B1FFCD /* Project object */ = {
			isa = PBXProject;
			attributes = {
				LastSwiftUpdateCheck = 1150;
				LastUpgradeCheck = 1150;
				ORGANIZATIONNAME = "Yurii Sameliuk";
				TargetAttributes = {
					F1255F1A247E8C5D00B1FFCD = {
						CreatedOnToolsVersion = 11.5;
					};
				};
			};
			buildConfigurationList = F1255F16247E8C5D00B1FFCD /* Build configuration list for PBXProject "Project18Debaging" */;
			compatibilityVersion = "Xcode 9.3";
			developmentRegion = en;
			hasScannedForEncodings = 0;
			knownRegions = (
				en,
				Base,
			);
			mainGroup = F1255F12247E8C5D00B1FFCD;
			productRefGroup = F1255F1C247E8C5D00B1FFCD /* Products */;
			projectDirPath = "";
			projectRoot = "";
			targets = (
				F1255F1A247E8C5D00B1FFCD /* Project18Debaging */,
			);
		};
/* End PBXProject section */

/* Begin PBXResourcesBuildPhase section */
		F1255F19247E8C5D00B1FFCD /* Resources */ = {
			isa = PBXResourcesBuildPhase;
			buildActionMask = 2147483647;
			files = (
				F1255F2B247E8C6200B1FFCD /* LaunchScreen.storyboard in Resources */,
				F1255F28247E8C6200B1FFCD /* Assets.xcassets in Resources */,
				F1255F26247E8C5D00B1FFCD /* Main.storyboard in Resources */,
			);
			runOnlyForDeploymentPostprocessing = 0;
		};
/* End PBXResourcesBuildPhase section */

/* Begin PBXSourcesBuildPhase section */
		F1255F17247E8C5D00B1FFCD /* Sources */ = {
			isa = PBXSourcesBuildPhase;
			buildActionMask = 2147483647;
			files = (
				F1255F23247E8C5D00B1FFCD /* ViewController.swift in Sources */,
				F1255F1F247E8C5D00B1FFCD /* AppDelegate.swift in Sources */,
				F1255F21247E8C5D00B1FFCD /* SceneDelegate.swift in Sources */,
			);
			runOnlyForDeploymentPostprocessing = 0;
		};
/* End PBXSourcesBuildPhase section */

/* Begin PBXVariantGroup section */
		F1255F24247E8C5D00B1FFCD /* Main.storyboard */ = {
			isa = PBXVariantGroup;
			children = (
				F1255F25247E8C5D00B1FFCD /* Base */,
			);
			name = Main.storyboard;
			sourceTree = "<group>";
		};
		F1255F29247E8C6200B1FFCD /* LaunchScreen.storyboard */ = {
			isa = PBXVariantGroup;
			children = (
				F1255F2A247E8C6200B1FFCD /* Base */,
			);
			name = LaunchScreen.storyboard;
			sourceTree = "<group>";
		};
/* End PBXVariantGroup section */

/* Begin XCBuildConfiguration section */
		F1255F2D247E8C6200B1FFCD /* Debug */ = {
			isa = XCBuildConfiguration;
			buildSettings = {
				ALWAYS_SEARCH_USER_PATHS = NO;
				CLANG_ANALYZER_NONNULL = YES;
				CLANG_ANALYZER_NUMBER_OBJECT_CONVERSION = YES_AGGRESSIVE;
				CLANG_CXX_LANGUAGE_STANDARD = "gnu++14";
				CLANG_CXX_LIBRARY = "libc++";
				CLANG_ENABLE_MODULES = YES;
				CLANG_ENABLE_OBJC_ARC = YES;
				CLANG_ENABLE_OBJC_WEAK = YES;
				CLANG_WARN_BLOCK_CAPTURE_AUTORELEASING = YES;
				CLANG_WARN_BOOL_CONVERSION = YES;
				CLANG_WARN_COMMA = YES;
				CLANG_WARN_CONSTANT_CONVERSION = YES;
				CLANG_WARN_DEPRECATED_OBJC_IMPLEMENTATIONS = YES;
				CLANG_WARN_DIRECT_OBJC_ISA_USAGE = YES_ERROR;
				CLANG_WARN_DOCUMENTATION_COMMENTS = YES;
				CLANG_WARN_EMPTY_BODY = YES;
				CLANG_WARN_ENUM_CONVERSION = YES;
				CLANG_WARN_INFINITE_RECURSION = YES;
				CLANG_WARN_INT_CONVERSION = YES;
				CLANG_WARN_NON_LITERAL_NULL_CONVERSION = YES;
				CLANG_WARN_OBJC_IMPLICIT_RETAIN_SELF = YES;
				CLANG_WARN_OBJC_LITERAL_CONVERSION = YES;
				CLANG_WARN_OBJC_ROOT_CLASS = YES_ERROR;
				CLANG_WARN_RANGE_LOOP_ANALYSIS = YES;
				CLANG_WARN_STRICT_PROTOTYPES = YES;
				CLANG_WARN_SUSPICIOUS_MOVE = YES;
				CLANG_WARN_UNGUARDED_AVAILABILITY = YES_AGGRESSIVE;
				CLANG_WARN_UNREACHABLE_CODE = YES;
				CLANG_WARN__DUPLICATE_METHOD_MATCH = YES;
				COPY_PHASE_STRIP = NO;
				DEBUG_INFORMATION_FORMAT = dwarf;
				ENABLE_STRICT_OBJC_MSGSEND = YES;
				ENABLE_TESTABILITY = YES;
				GCC_C_LANGUAGE_STANDARD = gnu11;
				GCC_DYNAMIC_NO_PIC = NO;
				GCC_NO_COMMON_BLOCKS = YES;
				GCC_OPTIMIZATION_LEVEL = 0;
				GCC_PREPROCESSOR_DEFINITIONS = (
					"DEBUG=1",
					"$(inherited)",
				);
				GCC_WARN_64_TO_32_BIT_CONVERSION = YES;
				GCC_WARN_ABOUT_RETURN_TYPE = YES_ERROR;
				GCC_WARN_UNDECLARED_SELECTOR = YES;
				GCC_WARN_UNINITIALIZED_AUTOS = YES_AGGRESSIVE;
				GCC_WARN_UNUSED_FUNCTION = YES;
				GCC_WARN_UNUSED_VARIABLE = YES;
				IPHONEOS_DEPLOYMENT_TARGET = 13.5;
				MTL_ENABLE_DEBUG_INFO = INCLUDE_SOURCE;
				MTL_FAST_MATH = YES;
				ONLY_ACTIVE_ARCH = YES;
				SDKROOT = iphoneos;
				SWIFT_ACTIVE_COMPILATION_CONDITIONS = DEBUG;
				SWIFT_OPTIMIZATION_LEVEL = "-Onone";
			};
			name = Debug;
		};
		F1255F2E247E8C6200B1FFCD /* Release */ = {
			isa = XCBuildConfiguration;
			buildSettings = {
				ALWAYS_SEARCH_USER_PATHS = NO;
				CLANG_ANALYZER_NONNULL = YES;
				CLANG_ANALYZER_NUMBER_OBJECT_CONVERSION = YES_AGGRESSIVE;
				CLANG_CXX_LANGUAGE_STANDARD = "gnu++14";
				CLANG_CXX_LIBRARY = "libc++";
				CLANG_ENABLE_MODULES = YES;
				CLANG_ENABLE_OBJC_ARC = YES;
				CLANG_ENABLE_OBJC_WEAK = YES;
				CLANG_WARN_BLOCK_CAPTURE_AUTORELEASING = YES;
				CLANG_WARN_BOOL_CONVERSION = YES;
				CLANG_WARN_COMMA = YES;
				CLANG_WARN_CONSTANT_CONVERSION = YES;
				CLANG_WARN_DEPRECATED_OBJC_IMPLEMENTATIONS = YES;
				CLANG_WARN_DIRECT_OBJC_ISA_USAGE = YES_ERROR;
				CLANG_WARN_DOCUMENTATION_COMMENTS = YES;
				CLANG_WARN_EMPTY_BODY = YES;
				CLANG_WARN_ENUM_CONVERSION = YES;
				CLANG_WARN_INFINITE_RECURSION = YES;
				CLANG_WARN_INT_CONVERSION = YES;
				CLANG_WARN_NON_LITERAL_NULL_CONVERSION = YES;
				CLANG_WARN_OBJC_IMPLICIT_RETAIN_SELF = YES;
				CLANG_WARN_OBJC_LITERAL_CONVERSION = YES;
				CLANG_WARN_OBJC_ROOT_CLASS = YES_ERROR;
				CLANG_WARN_RANGE_LOOP_ANALYSIS = YES;
				CLANG_WARN_STRICT_PROTOTYPES = YES;
				CLANG_WARN_SUSPICIOUS_MOVE = YES;
				CLANG_WARN_UNGUARDED_AVAILABILITY = YES_AGGRESSIVE;
				CLANG_WARN_UNREACHABLE_CODE = YES;
				CLANG_WARN__DUPLICATE_METHOD_MATCH = YES;
				COPY_PHASE_STRIP = NO;
				DEBUG_INFORMATION_FORMAT = "dwarf-with-dsym";
				ENABLE_NS_ASSERTIONS = NO;
				ENABLE_STRICT_OBJC_MSGSEND = YES;
				GCC_C_LANGUAGE_STANDARD = gnu11;
				GCC_NO_COMMON_BLOCKS = YES;
				GCC_WARN_64_TO_32_BIT_CONVERSION = YES;
				GCC_WARN_ABOUT_RETURN_TYPE = YES_ERROR;
				GCC_WARN_UNDECLARED_SELECTOR = YES;
				GCC_WARN_UNINITIALIZED_AUTOS = YES_AGGRESSIVE;
				GCC_WARN_UNUSED_FUNCTION = YES;
				GCC_WARN_UNUSED_VARIABLE = YES;
				IPHONEOS_DEPLOYMENT_TARGET = 13.5;
				MTL_ENABLE_DEBUG_INFO = NO;
				MTL_FAST_MATH = YES;
				SDKROOT = iphoneos;
				SWIFT_COMPILATION_MODE = wholemodule;
				SWIFT_OPTIMIZATION_LEVEL = "-O";
				VALIDATE_PRODUCT = YES;
			};
			name = Release;
		};
		F1255F30247E8C6200B1FFCD /* Debug */ = {
			isa = XCBuildConfiguration;
			buildSettings = {
				ASSETCATALOG_COMPILER_APPICON_NAME = AppIcon;
				CODE_SIGN_STYLE = Automatic;
				INFOPLIST_FILE = Project18Debaging/Info.plist;
				LD_RUNPATH_SEARCH_PATHS = (
					"$(inherited)",
					"@executable_path/Frameworks",
				);
				PRODUCT_BUNDLE_IDENTIFIER = com.sameliuk.Project18Debaging;
				PRODUCT_NAME = "$(TARGET_NAME)";
				SWIFT_VERSION = 5.0;
				TARGETED_DEVICE_FAMILY = "1,2";
			};
			name = Debug;
		};
		F1255F31247E8C6200B1FFCD /* Release */ = {
			isa = XCBuildConfiguration;
			buildSettings = {
				ASSETCATALOG_COMPILER_APPICON_NAME = AppIcon;
				CODE_SIGN_STYLE = Automatic;
				INFOPLIST_FILE = Project18Debaging/Info.plist;
				LD_RUNPATH_SEARCH_PATHS = (
					"$(inherited)",
					"@executable_path/Frameworks",
				);
				PRODUCT_BUNDLE_IDENTIFIER = com.sameliuk.Project18Debaging;
				PRODUCT_NAME = "$(TARGET_NAME)";
				SWIFT_VERSION = 5.0;
				TARGETED_DEVICE_FAMILY = "1,2";
			};
			name = Release;
		};
/* End XCBuildConfiguration section */

/* Begin XCConfigurationList section */
		F1255F16247E8C5D00B1FFCD /* Build configuration list for PBXProject "Project18Debaging" */ = {
			isa = XCConfigurationList;
			buildConfigurations = (
				F1255F2D247E8C6200B1FFCD /* Debug */,
				F1255F2E247E8C6200B1FFCD /* Release */,
			);
			defaultConfigurationIsVisible = 0;
			defaultConfigurationName = Release;
		};
		F1255F2F247E8C6200B1FFCD /* Build configuration list for PBXNativeTarget "Project18Debaging" */ = {
			isa = XCConfigurationList;
			buildConfigurations = (
				F1255F30247E8C6200B1FFCD /* Debug */,
				F1255F31247E8C6200B1FFCD /* Release */,
			);
			defaultConfigurationIsVisible = 0;
			defaultConfigurationName = Release;
		};
/* End XCConfigurationList section */
	};
	rootObject = F1255F13247E8C5D00B1FFCD /* Project object */;
}
